
Microsoft Visual Studio Solution File, Format Version 12.00
# Visual Studio Version 17
VisualStudioVersion = 17.3.32929.385
MinimumVisualStudioVersion = 10.0.40219.1
Project("{FAE04EC0-301F-11D3-BF4B-00C04F79EFBC}") = "MySqlWithEntityFramework", "MySqlWithEntityFramework\MySqlWithEntityFramework.csproj", "{658D96F4-02F2-40BA-98BA-AE38C23E54B1}"
EndProject
Project("{FAE04EC0-301F-11D3-BF4B-00C04F79EFBC}") = "MySqlWithEntityFramework.EF", "MySqlWithEntityFramework.EF\MySqlWithEntityFramework.EF.csproj", "{04E2DF63-F410-4BC7-A06B-E18CED171CD4}"
EndProject
Project("{FAE04EC0-301F-11D3-BF4B-00C04F79EFBC}") = "MySqlWithEntityFramework.Services", "MySqlWithEntityFramework.Services\MySqlWithEntityFramework.Services.csproj", "{CEA3C11C-2DA4-4A46-8226-CC0843818E09}"
EndProject
Global
	GlobalSection(SolutionConfigurationPlatforms) = preSolution
		Debug|Any CPU = Debug|Any CPU
		Release|Any CPU = Release|Any CPU
	EndGlobalSection
	GlobalSection(ProjectConfigurationPlatforms) = postSolution
		{658D96F4-02F2-40BA-98BA-AE38C23E54B1}.Debug|Any CPU.ActiveCfg = Debug|Any CPU
		{658D96F4-02F2-40BA-98BA-AE38C23E54B1}.Debug|Any CPU.Build.0 = Debug|Any CPU
		{658D96F4-02F2-40BA-98BA-AE38C23E54B1}.Release|Any CPU.ActiveCfg = Release|Any CPU
		{658D96F4-02F2-40BA-98BA-AE38C23E54B1}.Release|Any CPU.Build.0 = Release|Any CPU
		{04E2DF63-F410-4BC7-A06B-E18CED171CD4}.Debug|Any CPU.ActiveCfg = Debug|Any CPU
		{04E2DF63-F410-4BC7-A06B-E18CED171CD4}.Debug|Any CPU.Build.0 = Debug|Any CPU
		{04E2DF63-F410-4BC7-A06B-E18CED171CD4}.Release|Any CPU.ActiveCfg = Release|Any CPU
		{04E2DF63-F410-4BC7-A06B-E18CED171CD4}.Release|Any CPU.Build.0 = Release|Any CPU
		{CEA3C11C-2DA4-4A46-8226-CC0843818E09}.Debug|Any CPU.ActiveCfg = Debug|Any CPU
		{CEA3C11C-2DA4-4A46-8226-CC0843818E09}.Debug|Any CPU.Build.0 = Debug|Any CPU
		{CEA3C11C-2DA4-4A46-8226-CC0843818E09}.Release|Any CPU.ActiveCfg = Release|Any CPU
		{CEA3C11C-2DA4-4A46-8226-CC0843818E09}.Release|Any CPU.Build.0 = Release|Any CPU
	EndGlobalSection
	GlobalSection(SolutionProperties) = preSolution
		HideSolutionNode = FALSE
	EndGlobalSection
	GlobalSection(ExtensibilityGlobals) = postSolution
		SolutionGuid = {E72D38FA-135B-4A05-B67D-EDE866DA1CB4}
	EndGlobalSection
EndGlobal
